
Microsoft Visual Studio Solution File, Format Version 12.00
# Visual Studio Version 16
VisualStudioVersion = 16.0.31702.278
MinimumVisualStudioVersion = 10.0.40219.1
Project("{FAE04EC0-301F-11D3-BF4B-00C04F79EFBC}") = "MyLab.BlazorClient", "MyLab.BlazorClient\MyLab.BlazorClient.csproj", "{E0D9187B-3575-48DC-9754-AC081998C4EC}"
EndProject
Project("{FAE04EC0-301F-11D3-BF4B-00C04F79EFBC}") = "Demo", "Demo\Demo.csproj", "{AD2D5E84-99E4-467B-8AE9-4BA35EF600A6}"
EndProject
Global
	GlobalSection(SolutionConfigurationPlatforms) = preSolution
		Debug|Any CPU = Debug|Any CPU
		Release|Any CPU = Release|Any CPU
	EndGlobalSection
	GlobalSection(ProjectConfigurationPlatforms) = postSolution
		{E0D9187B-3575-48DC-9754-AC081998C4EC}.Debug|Any CPU.ActiveCfg = Debug|Any CPU
		{E0D9187B-3575-48DC-9754-AC081998C4EC}.Debug|Any CPU.Build.0 = Debug|Any CPU
		{E0D9187B-3575-48DC-9754-AC081998C4EC}.Release|Any CPU.ActiveCfg = Release|Any CPU
		{E0D9187B-3575-48DC-9754-AC081998C4EC}.Release|Any CPU.Build.0 = Release|Any CPU
		{AD2D5E84-99E4-467B-8AE9-4BA35EF600A6}.Debug|Any CPU.ActiveCfg = Debug|Any CPU
		{AD2D5E84-99E4-467B-8AE9-4BA35EF600A6}.Debug|Any CPU.Build.0 = Debug|Any CPU
		{AD2D5E84-99E4-467B-8AE9-4BA35EF600A6}.Release|Any CPU.ActiveCfg = Release|Any CPU
		{AD2D5E84-99E4-467B-8AE9-4BA35EF600A6}.Release|Any CPU.Build.0 = Release|Any CPU
	EndGlobalSection
	GlobalSection(SolutionProperties) = preSolution
		HideSolutionNode = FALSE
	EndGlobalSection
	GlobalSection(ExtensibilityGlobals) = postSolution
		SolutionGuid = {97018D35-10F1-461E-AB6D-67F56FD03C75}
	EndGlobalSection
EndGlobal
